
Microsoft Visual Studio Solution File, Format Version 12.00
# Visual Studio Version 17
Project("{2150E333-8FDC-42A3-9474-1A3956D46DE8}") = "CMake", "CMake", "{23A501EF-3A10-3CED-99C2-8607079B3B9B}"
EndProject
Project("{2150E333-8FDC-42A3-9474-1A3956D46DE8}") = "SFML", "SFML", "{E8641AAF-BC72-3712-BEFB-2B29AF310AB3}"
EndProject
Project("{8BC9CEB8-8B4A-11D0-8D11-00A0C91BC942}") = "ALL_BUILD", "ALL_BUILD.vcxproj", "{77C0878C-326D-36CE-A056-335790F65E19}"
	ProjectSection(ProjectDependencies) = postProject
		{88BF5526-C52E-31CF-933A-572D906E38D9} = {88BF5526-C52E-31CF-933A-572D906E38D9}
		{9FB50883-F45D-3165-8021-6085BDD251C7} = {9FB50883-F45D-3165-8021-6085BDD251C7}
	EndProjectSection
EndProject
Project("{8BC9CEB8-8B4A-11D0-8D11-00A0C91BC942}") = "INSTALL", "INSTALL.vcxproj", "{70836031-A936-3C5B-B73D-766B53275639}"
	ProjectSection(ProjectDependencies) = postProject
		{77C0878C-326D-36CE-A056-335790F65E19} = {77C0878C-326D-36CE-A056-335790F65E19}
		{88BF5526-C52E-31CF-933A-572D906E38D9} = {88BF5526-C52E-31CF-933A-572D906E38D9}
	EndProjectSection
EndProject
Project("{8BC9CEB8-8B4A-11D0-8D11-00A0C91BC942}") = "PACKAGE", "PACKAGE.vcxproj", "{D53FA0ED-BAAC-385F-960C-FADD957C38CF}"
	ProjectSection(ProjectDependencies) = postProject
		{77C0878C-326D-36CE-A056-335790F65E19} = {77C0878C-326D-36CE-A056-335790F65E19}
		{88BF5526-C52E-31CF-933A-572D906E38D9} = {88BF5526-C52E-31CF-933A-572D906E38D9}
	EndProjectSection
EndProject
Project("{8BC9CEB8-8B4A-11D0-8D11-00A0C91BC942}") = "ZERO_CHECK", "ZERO_CHECK.vcxproj", "{88BF5526-C52E-31CF-933A-572D906E38D9}"
	ProjectSection(ProjectDependencies) = postProject
	EndProjectSection
EndProject
Project("{8BC9CEB8-8B4A-11D0-8D11-00A0C91BC942}") = "sfml-graphics", "_deps\sfml-build\src\SFML\Graphics\sfml-graphics.vcxproj", "{DEA3D13C-4E76-3624-9C71-5F5CD25FB12A}"
	ProjectSection(ProjectDependencies) = postProject
		{88BF5526-C52E-31CF-933A-572D906E38D9} = {88BF5526-C52E-31CF-933A-572D906E38D9}
		{C7CB4858-1DBC-3B5A-9021-8231588C7F1C} = {C7CB4858-1DBC-3B5A-9021-8231588C7F1C}
		{8BA0E6F9-FA41-3852-AC7D-5A19D0F298A3} = {8BA0E6F9-FA41-3852-AC7D-5A19D0F298A3}
	EndProjectSection
EndProject
Project("{8BC9CEB8-8B4A-11D0-8D11-00A0C91BC942}") = "sfml-system", "_deps\sfml-build\src\SFML\System\sfml-system.vcxproj", "{C7CB4858-1DBC-3B5A-9021-8231588C7F1C}"
	ProjectSection(ProjectDependencies) = postProject
		{88BF5526-C52E-31CF-933A-572D906E38D9} = {88BF5526-C52E-31CF-933A-572D906E38D9}
	EndProjectSection
EndProject
Project("{8BC9CEB8-8B4A-11D0-8D11-00A0C91BC942}") = "sfml-window", "_deps\sfml-build\src\SFML\Window\sfml-window.vcxproj", "{8BA0E6F9-FA41-3852-AC7D-5A19D0F298A3}"
	ProjectSection(ProjectDependencies) = postProject
		{88BF5526-C52E-31CF-933A-572D906E38D9} = {88BF5526-C52E-31CF-933A-572D906E38D9}
		{C7CB4858-1DBC-3B5A-9021-8231588C7F1C} = {C7CB4858-1DBC-3B5A-9021-8231588C7F1C}
	EndProjectSection
EndProject
Project("{8BC9CEB8-8B4A-11D0-8D11-00A0C91BC942}") = "task1_graph", "task1_graph.vcxproj", "{9FB50883-F45D-3165-8021-6085BDD251C7}"
	ProjectSection(ProjectDependencies) = postProject
		{88BF5526-C52E-31CF-933A-572D906E38D9} = {88BF5526-C52E-31CF-933A-572D906E38D9}
		{DEA3D13C-4E76-3624-9C71-5F5CD25FB12A} = {DEA3D13C-4E76-3624-9C71-5F5CD25FB12A}
		{C7CB4858-1DBC-3B5A-9021-8231588C7F1C} = {C7CB4858-1DBC-3B5A-9021-8231588C7F1C}
		{8BA0E6F9-FA41-3852-AC7D-5A19D0F298A3} = {8BA0E6F9-FA41-3852-AC7D-5A19D0F298A3}
	EndProjectSection
EndProject
Global
	GlobalSection(SolutionConfigurationPlatforms) = preSolution
		Debug|x64 = Debug|x64
		Release|x64 = Release|x64
		MinSizeRel|x64 = MinSizeRel|x64
		RelWithDebInfo|x64 = RelWithDebInfo|x64
	EndGlobalSection
	GlobalSection(ProjectConfigurationPlatforms) = postSolution
		{77C0878C-326D-36CE-A056-335790F65E19}.Debug|x64.ActiveCfg = Debug|x64
		{77C0878C-326D-36CE-A056-335790F65E19}.Debug|x64.Build.0 = Debug|x64
		{77C0878C-326D-36CE-A056-335790F65E19}.Release|x64.ActiveCfg = Release|x64
		{77C0878C-326D-36CE-A056-335790F65E19}.Release|x64.Build.0 = Release|x64
		{77C0878C-326D-36CE-A056-335790F65E19}.MinSizeRel|x64.ActiveCfg = MinSizeRel|x64
		{77C0878C-326D-36CE-A056-335790F65E19}.MinSizeRel|x64.Build.0 = MinSizeRel|x64
		{77C0878C-326D-36CE-A056-335790F65E19}.RelWithDebInfo|x64.ActiveCfg = RelWithDebInfo|x64
		{77C0878C-326D-36CE-A056-335790F65E19}.RelWithDebInfo|x64.Build.0 = RelWithDebInfo|x64
		{70836031-A936-3C5B-B73D-766B53275639}.Debug|x64.ActiveCfg = Debug|x64
		{70836031-A936-3C5B-B73D-766B53275639}.Release|x64.ActiveCfg = Release|x64
		{70836031-A936-3C5B-B73D-766B53275639}.MinSizeRel|x64.ActiveCfg = MinSizeRel|x64
		{70836031-A936-3C5B-B73D-766B53275639}.RelWithDebInfo|x64.ActiveCfg = RelWithDebInfo|x64
		{D53FA0ED-BAAC-385F-960C-FADD957C38CF}.Debug|x64.ActiveCfg = Debug|x64
		{D53FA0ED-BAAC-385F-960C-FADD957C38CF}.Release|x64.ActiveCfg = Release|x64
		{D53FA0ED-BAAC-385F-960C-FADD957C38CF}.MinSizeRel|x64.ActiveCfg = MinSizeRel|x64
		{D53FA0ED-BAAC-385F-960C-FADD957C38CF}.RelWithDebInfo|x64.ActiveCfg = RelWithDebInfo|x64
		{88BF5526-C52E-31CF-933A-572D906E38D9}.Debug|x64.ActiveCfg = Debug|x64
		{88BF5526-C52E-31CF-933A-572D906E38D9}.Debug|x64.Build.0 = Debug|x64
		{88BF5526-C52E-31CF-933A-572D906E38D9}.Release|x64.ActiveCfg = Release|x64
		{88BF5526-C52E-31CF-933A-572D906E38D9}.Release|x64.Build.0 = Release|x64
		{88BF5526-C52E-31CF-933A-572D906E38D9}.MinSizeRel|x64.ActiveCfg = MinSizeRel|x64
		{88BF5526-C52E-31CF-933A-572D906E38D9}.MinSizeRel|x64.Build.0 = MinSizeRel|x64
		{88BF5526-C52E-31CF-933A-572D906E38D9}.RelWithDebInfo|x64.ActiveCfg = RelWithDebInfo|x64
		{88BF5526-C52E-31CF-933A-572D906E38D9}.RelWithDebInfo|x64.Build.0 = RelWithDebInfo|x64
		{DEA3D13C-4E76-3624-9C71-5F5CD25FB12A}.Debug|x64.ActiveCfg = Debug|x64
		{DEA3D13C-4E76-3624-9C71-5F5CD25FB12A}.Debug|x64.Build.0 = Debug|x64
		{DEA3D13C-4E76-3624-9C71-5F5CD25FB12A}.Release|x64.ActiveCfg = Release|x64
		{DEA3D13C-4E76-3624-9C71-5F5CD25FB12A}.Release|x64.Build.0 = Release|x64
		{DEA3D13C-4E76-3624-9C71-5F5CD25FB12A}.MinSizeRel|x64.ActiveCfg = MinSizeRel|x64
		{DEA3D13C-4E76-3624-9C71-5F5CD25FB12A}.MinSizeRel|x64.Build.0 = MinSizeRel|x64
		{DEA3D13C-4E76-3624-9C71-5F5CD25FB12A}.RelWithDebInfo|x64.ActiveCfg = RelWithDebInfo|x64
		{DEA3D13C-4E76-3624-9C71-5F5CD25FB12A}.RelWithDebInfo|x64.Build.0 = RelWithDebInfo|x64
		{C7CB4858-1DBC-3B5A-9021-8231588C7F1C}.Debug|x64.ActiveCfg = Debug|x64
		{C7CB4858-1DBC-3B5A-9021-8231588C7F1C}.Debug|x64.Build.0 = Debug|x64
		{C7CB4858-1DBC-3B5A-9021-8231588C7F1C}.Release|x64.ActiveCfg = Release|x64
		{C7CB4858-1DBC-3B5A-9021-8231588C7F1C}.Release|x64.Build.0 = Release|x64
		{C7CB4858-1DBC-3B5A-9021-8231588C7F1C}.MinSizeRel|x64.ActiveCfg = MinSizeRel|x64
		{C7CB4858-1DBC-3B5A-9021-8231588C7F1C}.MinSizeRel|x64.Build.0 = MinSizeRel|x64
		{C7CB4858-1DBC-3B5A-9021-8231588C7F1C}.RelWithDebInfo|x64.ActiveCfg = RelWithDebInfo|x64
		{C7CB4858-1DBC-3B5A-9021-8231588C7F1C}.RelWithDebInfo|x64.Build.0 = RelWithDebInfo|x64
		{8BA0E6F9-FA41-3852-AC7D-5A19D0F298A3}.Debug|x64.ActiveCfg = Debug|x64
		{8BA0E6F9-FA41-3852-AC7D-5A19D0F298A3}.Debug|x64.Build.0 = Debug|x64
		{8BA0E6F9-FA41-3852-AC7D-5A19D0F298A3}.Release|x64.ActiveCfg = Release|x64
		{8BA0E6F9-FA41-3852-AC7D-5A19D0F298A3}.Release|x64.Build.0 = Release|x64
		{8BA0E6F9-FA41-3852-AC7D-5A19D0F298A3}.MinSizeRel|x64.ActiveCfg = MinSizeRel|x64
		{8BA0E6F9-FA41-3852-AC7D-5A19D0F298A3}.MinSizeRel|x64.Build.0 = MinSizeRel|x64
		{8BA0E6F9-FA41-3852-AC7D-5A19D0F298A3}.RelWithDebInfo|x64.ActiveCfg = RelWithDebInfo|x64
		{8BA0E6F9-FA41-3852-AC7D-5A19D0F298A3}.RelWithDebInfo|x64.Build.0 = RelWithDebInfo|x64
		{9FB50883-F45D-3165-8021-6085BDD251C7}.Debug|x64.ActiveCfg = Debug|x64
		{9FB50883-F45D-3165-8021-6085BDD251C7}.Debug|x64.Build.0 = Debug|x64
		{9FB50883-F45D-3165-8021-6085BDD251C7}.Release|x64.ActiveCfg = Release|x64
		{9FB50883-F45D-3165-8021-6085BDD251C7}.Release|x64.Build.0 = Release|x64
		{9FB50883-F45D-3165-8021-6085BDD251C7}.MinSizeRel|x64.ActiveCfg = MinSizeRel|x64
		{9FB50883-F45D-3165-8021-6085BDD251C7}.MinSizeRel|x64.Build.0 = MinSizeRel|x64
		{9FB50883-F45D-3165-8021-6085BDD251C7}.RelWithDebInfo|x64.ActiveCfg = RelWithDebInfo|x64
		{9FB50883-F45D-3165-8021-6085BDD251C7}.RelWithDebInfo|x64.Build.0 = RelWithDebInfo|x64
	EndGlobalSection
	GlobalSection(NestedProjects) = preSolution
		{77C0878C-326D-36CE-A056-335790F65E19} = {23A501EF-3A10-3CED-99C2-8607079B3B9B}
		{70836031-A936-3C5B-B73D-766B53275639} = {23A501EF-3A10-3CED-99C2-8607079B3B9B}
		{D53FA0ED-BAAC-385F-960C-FADD957C38CF} = {23A501EF-3A10-3CED-99C2-8607079B3B9B}
		{88BF5526-C52E-31CF-933A-572D906E38D9} = {23A501EF-3A10-3CED-99C2-8607079B3B9B}
		{DEA3D13C-4E76-3624-9C71-5F5CD25FB12A} = {E8641AAF-BC72-3712-BEFB-2B29AF310AB3}
		{C7CB4858-1DBC-3B5A-9021-8231588C7F1C} = {E8641AAF-BC72-3712-BEFB-2B29AF310AB3}
		{8BA0E6F9-FA41-3852-AC7D-5A19D0F298A3} = {E8641AAF-BC72-3712-BEFB-2B29AF310AB3}
	EndGlobalSection
	GlobalSection(ExtensibilityGlobals) = postSolution
		SolutionGuid = {C035BB05-5B01-3D76-8EE5-1E7E1CC0E26D}
	EndGlobalSection
	GlobalSection(ExtensibilityAddIns) = postSolution
	EndGlobalSection
EndGlobal
